
Microsoft Visual Studio Solution File, Format Version 12.00
# Visual Studio Version 17
VisualStudioVersion = 17.13.35825.156 d17.13
MinimumVisualStudioVersion = 10.0.40219.1
Project("{54A90642-561A-4BB1-A94E-469ADEE60C69}") = "portaldemo.client", "portaldemo.client\portaldemo.client.esproj", "{86B14810-FEB5-68C1-D7C7-AF5FDACFE15E}"
EndProject
Project("{FAE04EC0-301F-11D3-BF4B-00C04F79EFBC}") = "PortalDemo.Server", "PortalDemo.Server\PortalDemo.Server.csproj", "{1BFB589E-E1D6-4E1B-96B0-44778CE007DA}"
EndProject
Project("{2150E333-8FDC-42A3-9474-1A3956D46DE8}") = "1. WEBSITE", "1. WEBSITE", "{02EA681E-C7D8-13C7-8484-4AC65E1B71E8}"
EndProject
Project("{2150E333-8FDC-42A3-9474-1A3956D46DE8}") = "2. COMMON", "2. COMMON", "{60B61C02-4C9C-48F4-855B-4007D0F21E5F}"
EndProject
Project("{2150E333-8FDC-42A3-9474-1A3956D46DE8}") = "3. DOMAIN", "3. DOMAIN", "{5CC5E86A-EF9F-46E4-84F5-E6A79946206A}"
EndProject
Project("{2150E333-8FDC-42A3-9474-1A3956D46DE8}") = "4. APPLICATION", "4. APPLICATION", "{4324A3AC-3269-45C7-98B9-CB29E4B5A22A}"
EndProject
Project("{2150E333-8FDC-42A3-9474-1A3956D46DE8}") = "5. INFRASTRUCTURE", "5. INFRASTRUCTURE", "{94D48B5B-564A-4049-9000-1DA3A1D426B8}"
EndProject
Project("{2150E333-8FDC-42A3-9474-1A3956D46DE8}") = "6. INTEROP", "6. INTEROP", "{98870EFE-AA8D-449A-9ABD-9F8EFBFE5950}"
EndProject
Project("{2150E333-8FDC-42A3-9474-1A3956D46DE8}") = "7. CROSSCUTING", "7. CROSSCUTING", "{5AA88B85-1A4F-4C3E-9739-721476073B75}"
EndProject
Project("{FAE04EC0-301F-11D3-BF4B-00C04F79EFBC}") = "PortalDemo.Domain", "PortalDemo.Domain\PortalDemo.Domain.csproj", "{0E1F82A2-2372-460A-86A5-91468DEB0AB0}"
EndProject
Project("{FAE04EC0-301F-11D3-BF4B-00C04F79EFBC}") = "PortalDemo.Application", "PortalDemo.Application\PortalDemo.Application.csproj", "{4073A91D-C39A-43C9-926D-AD00D4441DC9}"
EndProject
Project("{FAE04EC0-301F-11D3-BF4B-00C04F79EFBC}") = "PortalDemo.Infrastructure.SqlServer", "PortalDemo.Infrastructure.SqlServer\PortalDemo.Infrastructure.SqlServer.csproj", "{E37A42F4-7928-4459-B15D-919AE6E61EFF}"
EndProject
Project("{2150E333-8FDC-42A3-9474-1A3956D46DE8}") = "5.1. DATABASE", "5.1. DATABASE", "{5EA55A91-BC9E-4E37-90AE-576D0F4B8C40}"
EndProject
Global
	GlobalSection(SolutionConfigurationPlatforms) = preSolution
		Debug|Any CPU = Debug|Any CPU
		Release|Any CPU = Release|Any CPU
	EndGlobalSection
	GlobalSection(ProjectConfigurationPlatforms) = postSolution
		{86B14810-FEB5-68C1-D7C7-AF5FDACFE15E}.Debug|Any CPU.ActiveCfg = Debug|Any CPU
		{86B14810-FEB5-68C1-D7C7-AF5FDACFE15E}.Debug|Any CPU.Build.0 = Debug|Any CPU
		{86B14810-FEB5-68C1-D7C7-AF5FDACFE15E}.Debug|Any CPU.Deploy.0 = Debug|Any CPU
		{86B14810-FEB5-68C1-D7C7-AF5FDACFE15E}.Release|Any CPU.ActiveCfg = Release|Any CPU
		{86B14810-FEB5-68C1-D7C7-AF5FDACFE15E}.Release|Any CPU.Build.0 = Release|Any CPU
		{86B14810-FEB5-68C1-D7C7-AF5FDACFE15E}.Release|Any CPU.Deploy.0 = Release|Any CPU
		{1BFB589E-E1D6-4E1B-96B0-44778CE007DA}.Debug|Any CPU.ActiveCfg = Debug|Any CPU
		{1BFB589E-E1D6-4E1B-96B0-44778CE007DA}.Debug|Any CPU.Build.0 = Debug|Any CPU
		{1BFB589E-E1D6-4E1B-96B0-44778CE007DA}.Release|Any CPU.ActiveCfg = Release|Any CPU
		{1BFB589E-E1D6-4E1B-96B0-44778CE007DA}.Release|Any CPU.Build.0 = Release|Any CPU
		{0E1F82A2-2372-460A-86A5-91468DEB0AB0}.Debug|Any CPU.ActiveCfg = Debug|Any CPU
		{0E1F82A2-2372-460A-86A5-91468DEB0AB0}.Debug|Any CPU.Build.0 = Debug|Any CPU
		{0E1F82A2-2372-460A-86A5-91468DEB0AB0}.Release|Any CPU.ActiveCfg = Release|Any CPU
		{0E1F82A2-2372-460A-86A5-91468DEB0AB0}.Release|Any CPU.Build.0 = Release|Any CPU
		{4073A91D-C39A-43C9-926D-AD00D4441DC9}.Debug|Any CPU.ActiveCfg = Debug|Any CPU
		{4073A91D-C39A-43C9-926D-AD00D4441DC9}.Debug|Any CPU.Build.0 = Debug|Any CPU
		{4073A91D-C39A-43C9-926D-AD00D4441DC9}.Release|Any CPU.ActiveCfg = Release|Any CPU
		{4073A91D-C39A-43C9-926D-AD00D4441DC9}.Release|Any CPU.Build.0 = Release|Any CPU
		{E37A42F4-7928-4459-B15D-919AE6E61EFF}.Debug|Any CPU.ActiveCfg = Debug|Any CPU
		{E37A42F4-7928-4459-B15D-919AE6E61EFF}.Debug|Any CPU.Build.0 = Debug|Any CPU
		{E37A42F4-7928-4459-B15D-919AE6E61EFF}.Release|Any CPU.ActiveCfg = Release|Any CPU
		{E37A42F4-7928-4459-B15D-919AE6E61EFF}.Release|Any CPU.Build.0 = Release|Any CPU
	EndGlobalSection
	GlobalSection(SolutionProperties) = preSolution
		HideSolutionNode = FALSE
	EndGlobalSection
	GlobalSection(NestedProjects) = preSolution
		{86B14810-FEB5-68C1-D7C7-AF5FDACFE15E} = {02EA681E-C7D8-13C7-8484-4AC65E1B71E8}
		{1BFB589E-E1D6-4E1B-96B0-44778CE007DA} = {02EA681E-C7D8-13C7-8484-4AC65E1B71E8}
		{0E1F82A2-2372-460A-86A5-91468DEB0AB0} = {5CC5E86A-EF9F-46E4-84F5-E6A79946206A}
		{4073A91D-C39A-43C9-926D-AD00D4441DC9} = {4324A3AC-3269-45C7-98B9-CB29E4B5A22A}
		{E37A42F4-7928-4459-B15D-919AE6E61EFF} = {5EA55A91-BC9E-4E37-90AE-576D0F4B8C40}
		{5EA55A91-BC9E-4E37-90AE-576D0F4B8C40} = {94D48B5B-564A-4049-9000-1DA3A1D426B8}
	EndGlobalSection
	GlobalSection(ExtensibilityGlobals) = postSolution
		SolutionGuid = {BE896786-8B77-4109-BDC2-3F8BC28D7FF7}
	EndGlobalSection
EndGlobal
